
Microsoft Visual Studio Solution File, Format Version 12.00
# Visual Studio Version 16
VisualStudioVersion = 16.0.32630.194
MinimumVisualStudioVersion = 10.0.40219.1
Project("{FAE04EC0-301F-11D3-BF4B-00C04F79EFBC}") = "EDMCrud", "EDMCrud\EDMCrud.csproj", "{AFEF7D15-98F6-4195-B139-3E6EF84D4DC0}"
EndProject
Global
	GlobalSection(SolutionConfigurationPlatforms) = preSolution
		Debug|Any CPU = Debug|Any CPU
		Release|Any CPU = Release|Any CPU
	EndGlobalSection
	GlobalSection(ProjectConfigurationPlatforms) = postSolution
		{AFEF7D15-98F6-4195-B139-3E6EF84D4DC0}.Debug|Any CPU.ActiveCfg = Debug|Any CPU
		{AFEF7D15-98F6-4195-B139-3E6EF84D4DC0}.Debug|Any CPU.Build.0 = Debug|Any CPU
		{AFEF7D15-98F6-4195-B139-3E6EF84D4DC0}.Release|Any CPU.ActiveCfg = Release|Any CPU
		{AFEF7D15-98F6-4195-B139-3E6EF84D4DC0}.Release|Any CPU.Build.0 = Release|Any CPU
	EndGlobalSection
	GlobalSection(SolutionProperties) = preSolution
		HideSolutionNode = FALSE
	EndGlobalSection
	GlobalSection(ExtensibilityGlobals) = postSolution
		SolutionGuid = {6AC7E015-1D60-4F53-B092-CAA98001CA12}
	EndGlobalSection
EndGlobal
