
Microsoft Visual Studio Solution File, Format Version 12.00
# Visual Studio Version 16
VisualStudioVersion = 16.0.32630.194
MinimumVisualStudioVersion = 10.0.40219.1
Project("{FAE04EC0-301F-11D3-BF4B-00C04F79EFBC}") = "StateManagement", "StateManagement\StateManagement.csproj", "{EFAF3B1A-9304-4AE5-B070-0AE17910C2E5}"
EndProject
Global
	GlobalSection(SolutionConfigurationPlatforms) = preSolution
		Debug|Any CPU = Debug|Any CPU
		Release|Any CPU = Release|Any CPU
	EndGlobalSection
	GlobalSection(ProjectConfigurationPlatforms) = postSolution
		{EFAF3B1A-9304-4AE5-B070-0AE17910C2E5}.Debug|Any CPU.ActiveCfg = Debug|Any CPU
		{EFAF3B1A-9304-4AE5-B070-0AE17910C2E5}.Debug|Any CPU.Build.0 = Debug|Any CPU
		{EFAF3B1A-9304-4AE5-B070-0AE17910C2E5}.Release|Any CPU.ActiveCfg = Release|Any CPU
		{EFAF3B1A-9304-4AE5-B070-0AE17910C2E5}.Release|Any CPU.Build.0 = Release|Any CPU
	EndGlobalSection
	GlobalSection(SolutionProperties) = preSolution
		HideSolutionNode = FALSE
	EndGlobalSection
	GlobalSection(ExtensibilityGlobals) = postSolution
		SolutionGuid = {C6B9900E-E9C7-4DDA-977F-AA3DDA2E471F}
	EndGlobalSection
EndGlobal
