
Microsoft Visual Studio Solution File, Format Version 12.00
# Visual Studio Version 16
VisualStudioVersion = 16.0.32630.194
MinimumVisualStudioVersion = 10.0.40219.1
Project("{FAE04EC0-301F-11D3-BF4B-00C04F79EFBC}") = "Query String", "Query String\Query String.csproj", "{C00BD629-A3C6-485C-9B90-FB416B3F7F0D}"
EndProject
Global
	GlobalSection(SolutionConfigurationPlatforms) = preSolution
		Debug|Any CPU = Debug|Any CPU
		Release|Any CPU = Release|Any CPU
	EndGlobalSection
	GlobalSection(ProjectConfigurationPlatforms) = postSolution
		{C00BD629-A3C6-485C-9B90-FB416B3F7F0D}.Debug|Any CPU.ActiveCfg = Debug|Any CPU
		{C00BD629-A3C6-485C-9B90-FB416B3F7F0D}.Debug|Any CPU.Build.0 = Debug|Any CPU
		{C00BD629-A3C6-485C-9B90-FB416B3F7F0D}.Release|Any CPU.ActiveCfg = Release|Any CPU
		{C00BD629-A3C6-485C-9B90-FB416B3F7F0D}.Release|Any CPU.Build.0 = Release|Any CPU
	EndGlobalSection
	GlobalSection(SolutionProperties) = preSolution
		HideSolutionNode = FALSE
	EndGlobalSection
	GlobalSection(ExtensibilityGlobals) = postSolution
		SolutionGuid = {03AD08D0-1CC1-44BB-B0E0-19F835B1155C}
	EndGlobalSection
EndGlobal
