
Microsoft Visual Studio Solution File, Format Version 12.00
# Visual Studio Version 16
VisualStudioVersion = 16.0.32630.194
MinimumVisualStudioVersion = 10.0.40219.1
Project("{FAE04EC0-301F-11D3-BF4B-00C04F79EFBC}") = "Q_3", "Q_3\Q_3.csproj", "{D90844A3-F092-456D-86E8-0C6064731AB1}"
EndProject
Project("{FAE04EC0-301F-11D3-BF4B-00C04F79EFBC}") = "Q_4", "Q_4\Q_4.csproj", "{792FDB6E-027F-4E02-8619-AB6678381836}"
EndProject
Project("{FAE04EC0-301F-11D3-BF4B-00C04F79EFBC}") = "Q_6", "Q_6\Q_6.csproj", "{7E24BA10-3E3D-4A88-8B31-42654CDD479F}"
EndProject
Project("{FAE04EC0-301F-11D3-BF4B-00C04F79EFBC}") = "Q_7", "Q_7\Q_7.csproj", "{D0818E47-2AD2-448C-A64F-09B4D9DA0F5F}"
EndProject
Project("{FAE04EC0-301F-11D3-BF4B-00C04F79EFBC}") = "Q_9", "Q_9\Q_9.csproj", "{EE02BEF4-71FD-4230-A965-A2F41B3E773C}"
EndProject
Project("{FAE04EC0-301F-11D3-BF4B-00C04F79EFBC}") = "Q_10", "Q_10\Q_10.csproj", "{6832C08A-624C-43C6-86C6-1484E0802EAA}"
EndProject
Project("{FAE04EC0-301F-11D3-BF4B-00C04F79EFBC}") = "Q_11", "Q_11\Q_11.csproj", "{C994E20D-2E63-49F9-92F8-2392AE5127C2}"
EndProject
Project("{FAE04EC0-301F-11D3-BF4B-00C04F79EFBC}") = "Q_12", "Q_12\Q_12.csproj", "{20E5C665-3F10-4A1F-87B4-3BC82D92D332}"
EndProject
Project("{FAE04EC0-301F-11D3-BF4B-00C04F79EFBC}") = "Q_13", "Q_13\Q_13.csproj", "{07DC8E6F-D486-4243-9E2B-BCCECC3285CA}"
EndProject
Project("{FAE04EC0-301F-11D3-BF4B-00C04F79EFBC}") = "Q_18", "Q_18\Q_18.csproj", "{A93D4226-23E6-42D3-A6EC-0D50F1531368}"
EndProject
Project("{FAE04EC0-301F-11D3-BF4B-00C04F79EFBC}") = "Q_20", "Q_20\Q_20.csproj", "{ADC43AFA-F017-40F2-9F84-9F6BEE8B2F47}"
EndProject
Project("{FAE04EC0-301F-11D3-BF4B-00C04F79EFBC}") = "Q_21", "Q_21\Q_21.csproj", "{E82CFFA5-B0F8-4036-96ED-4118EB725B63}"
EndProject
Project("{FAE04EC0-301F-11D3-BF4B-00C04F79EFBC}") = "Q_22", "Q_22\Q_22.csproj", "{756987A5-B9BC-45CC-9294-43EF25309621}"
EndProject
Project("{FAE04EC0-301F-11D3-BF4B-00C04F79EFBC}") = "Q_23", "Q_23\Q_23.csproj", "{3A9801F9-6EF2-4D37-B9A3-B872CDC5DCAA}"
EndProject
Project("{FAE04EC0-301F-11D3-BF4B-00C04F79EFBC}") = "Q_24", "Q_24\Q_24.csproj", "{9FF35973-7CC5-4052-8CDC-4F2A6286FC64}"
EndProject
Project("{FAE04EC0-301F-11D3-BF4B-00C04F79EFBC}") = "Q_25", "Q_25\Q_25.csproj", "{433B5265-CB5F-4D3A-AF33-4433910E4659}"
EndProject
Project("{FAE04EC0-301F-11D3-BF4B-00C04F79EFBC}") = "Q_26", "Q_26\Q_26.csproj", "{56AFE920-A07B-4ED2-ABBA-B672C953E08B}"
EndProject
Project("{FAE04EC0-301F-11D3-BF4B-00C04F79EFBC}") = "Q_27", "Q_27\Q_27.csproj", "{1F183EF1-A5F4-4AB5-A9C8-6282DC1F5F6A}"
EndProject
Project("{FAE04EC0-301F-11D3-BF4B-00C04F79EFBC}") = "Q_28", "Q_28\Q_28.csproj", "{CAB53C8C-1C71-4C09-8ADA-8B92D7D92D7E}"
EndProject
Project("{FAE04EC0-301F-11D3-BF4B-00C04F79EFBC}") = "Q_29", "Q_29\Q_29.csproj", "{806224D8-4B39-43B2-91E0-B8A91396EB13}"
EndProject
Project("{FAE04EC0-301F-11D3-BF4B-00C04F79EFBC}") = "Q_32", "Q_30\Q_32.csproj", "{2DC14078-9305-4825-BF75-9A74B90DA064}"
EndProject
Project("{FAE04EC0-301F-11D3-BF4B-00C04F79EFBC}") = "Q_34", "Q_31\Q_34.csproj", "{DEC4833C-E219-494E-A2B5-83C099DAFCAE}"
EndProject
Project("{FAE04EC0-301F-11D3-BF4B-00C04F79EFBC}") = "Q_35", "Q_35\Q_35.csproj", "{7A1DCD93-EBAA-440D-9D1F-81C72CE751F8}"
EndProject
Project("{FAE04EC0-301F-11D3-BF4B-00C04F79EFBC}") = "Q_36", "Q_36\Q_36.csproj", "{4DD7EDEC-7AB1-4687-BB5E-3171610E5FEC}"
EndProject
Project("{FAE04EC0-301F-11D3-BF4B-00C04F79EFBC}") = "Q_37", "Q_37\Q_37.csproj", "{456D985D-7B8C-4701-9ACA-FA4A13AC1A92}"
EndProject
Project("{FAE04EC0-301F-11D3-BF4B-00C04F79EFBC}") = "Q38", "Q38\Q38.csproj", "{8F59795C-A1BA-442B-AC6A-524658E35035}"
EndProject
Project("{FAE04EC0-301F-11D3-BF4B-00C04F79EFBC}") = "Q_39", "Q_39\Q_39.csproj", "{094A1770-DC62-4609-85DC-954F50AE5EC0}"
EndProject
Global
	GlobalSection(SolutionConfigurationPlatforms) = preSolution
		Debug|Any CPU = Debug|Any CPU
		Release|Any CPU = Release|Any CPU
	EndGlobalSection
	GlobalSection(ProjectConfigurationPlatforms) = postSolution
		{D90844A3-F092-456D-86E8-0C6064731AB1}.Debug|Any CPU.ActiveCfg = Debug|Any CPU
		{D90844A3-F092-456D-86E8-0C6064731AB1}.Debug|Any CPU.Build.0 = Debug|Any CPU
		{D90844A3-F092-456D-86E8-0C6064731AB1}.Release|Any CPU.ActiveCfg = Release|Any CPU
		{D90844A3-F092-456D-86E8-0C6064731AB1}.Release|Any CPU.Build.0 = Release|Any CPU
		{792FDB6E-027F-4E02-8619-AB6678381836}.Debug|Any CPU.ActiveCfg = Debug|Any CPU
		{792FDB6E-027F-4E02-8619-AB6678381836}.Debug|Any CPU.Build.0 = Debug|Any CPU
		{792FDB6E-027F-4E02-8619-AB6678381836}.Release|Any CPU.ActiveCfg = Release|Any CPU
		{792FDB6E-027F-4E02-8619-AB6678381836}.Release|Any CPU.Build.0 = Release|Any CPU
		{7E24BA10-3E3D-4A88-8B31-42654CDD479F}.Debug|Any CPU.ActiveCfg = Debug|Any CPU
		{7E24BA10-3E3D-4A88-8B31-42654CDD479F}.Debug|Any CPU.Build.0 = Debug|Any CPU
		{7E24BA10-3E3D-4A88-8B31-42654CDD479F}.Release|Any CPU.ActiveCfg = Release|Any CPU
		{7E24BA10-3E3D-4A88-8B31-42654CDD479F}.Release|Any CPU.Build.0 = Release|Any CPU
		{D0818E47-2AD2-448C-A64F-09B4D9DA0F5F}.Debug|Any CPU.ActiveCfg = Debug|Any CPU
		{D0818E47-2AD2-448C-A64F-09B4D9DA0F5F}.Debug|Any CPU.Build.0 = Debug|Any CPU
		{D0818E47-2AD2-448C-A64F-09B4D9DA0F5F}.Release|Any CPU.ActiveCfg = Release|Any CPU
		{D0818E47-2AD2-448C-A64F-09B4D9DA0F5F}.Release|Any CPU.Build.0 = Release|Any CPU
		{EE02BEF4-71FD-4230-A965-A2F41B3E773C}.Debug|Any CPU.ActiveCfg = Debug|Any CPU
		{EE02BEF4-71FD-4230-A965-A2F41B3E773C}.Debug|Any CPU.Build.0 = Debug|Any CPU
		{EE02BEF4-71FD-4230-A965-A2F41B3E773C}.Release|Any CPU.ActiveCfg = Release|Any CPU
		{EE02BEF4-71FD-4230-A965-A2F41B3E773C}.Release|Any CPU.Build.0 = Release|Any CPU
		{6832C08A-624C-43C6-86C6-1484E0802EAA}.Debug|Any CPU.ActiveCfg = Debug|Any CPU
		{6832C08A-624C-43C6-86C6-1484E0802EAA}.Debug|Any CPU.Build.0 = Debug|Any CPU
		{6832C08A-624C-43C6-86C6-1484E0802EAA}.Release|Any CPU.ActiveCfg = Release|Any CPU
		{6832C08A-624C-43C6-86C6-1484E0802EAA}.Release|Any CPU.Build.0 = Release|Any CPU
		{C994E20D-2E63-49F9-92F8-2392AE5127C2}.Debug|Any CPU.ActiveCfg = Debug|Any CPU
		{C994E20D-2E63-49F9-92F8-2392AE5127C2}.Debug|Any CPU.Build.0 = Debug|Any CPU
		{C994E20D-2E63-49F9-92F8-2392AE5127C2}.Release|Any CPU.ActiveCfg = Release|Any CPU
		{C994E20D-2E63-49F9-92F8-2392AE5127C2}.Release|Any CPU.Build.0 = Release|Any CPU
		{20E5C665-3F10-4A1F-87B4-3BC82D92D332}.Debug|Any CPU.ActiveCfg = Debug|Any CPU
		{20E5C665-3F10-4A1F-87B4-3BC82D92D332}.Debug|Any CPU.Build.0 = Debug|Any CPU
		{20E5C665-3F10-4A1F-87B4-3BC82D92D332}.Release|Any CPU.ActiveCfg = Release|Any CPU
		{20E5C665-3F10-4A1F-87B4-3BC82D92D332}.Release|Any CPU.Build.0 = Release|Any CPU
		{07DC8E6F-D486-4243-9E2B-BCCECC3285CA}.Debug|Any CPU.ActiveCfg = Debug|Any CPU
		{07DC8E6F-D486-4243-9E2B-BCCECC3285CA}.Debug|Any CPU.Build.0 = Debug|Any CPU
		{07DC8E6F-D486-4243-9E2B-BCCECC3285CA}.Release|Any CPU.ActiveCfg = Release|Any CPU
		{07DC8E6F-D486-4243-9E2B-BCCECC3285CA}.Release|Any CPU.Build.0 = Release|Any CPU
		{A93D4226-23E6-42D3-A6EC-0D50F1531368}.Debug|Any CPU.ActiveCfg = Debug|Any CPU
		{A93D4226-23E6-42D3-A6EC-0D50F1531368}.Debug|Any CPU.Build.0 = Debug|Any CPU
		{A93D4226-23E6-42D3-A6EC-0D50F1531368}.Release|Any CPU.ActiveCfg = Release|Any CPU
		{A93D4226-23E6-42D3-A6EC-0D50F1531368}.Release|Any CPU.Build.0 = Release|Any CPU
		{ADC43AFA-F017-40F2-9F84-9F6BEE8B2F47}.Debug|Any CPU.ActiveCfg = Debug|Any CPU
		{ADC43AFA-F017-40F2-9F84-9F6BEE8B2F47}.Debug|Any CPU.Build.0 = Debug|Any CPU
		{ADC43AFA-F017-40F2-9F84-9F6BEE8B2F47}.Release|Any CPU.ActiveCfg = Release|Any CPU
		{ADC43AFA-F017-40F2-9F84-9F6BEE8B2F47}.Release|Any CPU.Build.0 = Release|Any CPU
		{E82CFFA5-B0F8-4036-96ED-4118EB725B63}.Debug|Any CPU.ActiveCfg = Debug|Any CPU
		{E82CFFA5-B0F8-4036-96ED-4118EB725B63}.Debug|Any CPU.Build.0 = Debug|Any CPU
		{E82CFFA5-B0F8-4036-96ED-4118EB725B63}.Release|Any CPU.ActiveCfg = Release|Any CPU
		{E82CFFA5-B0F8-4036-96ED-4118EB725B63}.Release|Any CPU.Build.0 = Release|Any CPU
		{756987A5-B9BC-45CC-9294-43EF25309621}.Debug|Any CPU.ActiveCfg = Debug|Any CPU
		{756987A5-B9BC-45CC-9294-43EF25309621}.Debug|Any CPU.Build.0 = Debug|Any CPU
		{756987A5-B9BC-45CC-9294-43EF25309621}.Release|Any CPU.ActiveCfg = Release|Any CPU
		{756987A5-B9BC-45CC-9294-43EF25309621}.Release|Any CPU.Build.0 = Release|Any CPU
		{3A9801F9-6EF2-4D37-B9A3-B872CDC5DCAA}.Debug|Any CPU.ActiveCfg = Debug|Any CPU
		{3A9801F9-6EF2-4D37-B9A3-B872CDC5DCAA}.Debug|Any CPU.Build.0 = Debug|Any CPU
		{3A9801F9-6EF2-4D37-B9A3-B872CDC5DCAA}.Release|Any CPU.ActiveCfg = Release|Any CPU
		{3A9801F9-6EF2-4D37-B9A3-B872CDC5DCAA}.Release|Any CPU.Build.0 = Release|Any CPU
		{9FF35973-7CC5-4052-8CDC-4F2A6286FC64}.Debug|Any CPU.ActiveCfg = Debug|Any CPU
		{9FF35973-7CC5-4052-8CDC-4F2A6286FC64}.Debug|Any CPU.Build.0 = Debug|Any CPU
		{9FF35973-7CC5-4052-8CDC-4F2A6286FC64}.Release|Any CPU.ActiveCfg = Release|Any CPU
		{9FF35973-7CC5-4052-8CDC-4F2A6286FC64}.Release|Any CPU.Build.0 = Release|Any CPU
		{433B5265-CB5F-4D3A-AF33-4433910E4659}.Debug|Any CPU.ActiveCfg = Debug|Any CPU
		{433B5265-CB5F-4D3A-AF33-4433910E4659}.Debug|Any CPU.Build.0 = Debug|Any CPU
		{433B5265-CB5F-4D3A-AF33-4433910E4659}.Release|Any CPU.ActiveCfg = Release|Any CPU
		{433B5265-CB5F-4D3A-AF33-4433910E4659}.Release|Any CPU.Build.0 = Release|Any CPU
		{56AFE920-A07B-4ED2-ABBA-B672C953E08B}.Debug|Any CPU.ActiveCfg = Debug|Any CPU
		{56AFE920-A07B-4ED2-ABBA-B672C953E08B}.Debug|Any CPU.Build.0 = Debug|Any CPU
		{56AFE920-A07B-4ED2-ABBA-B672C953E08B}.Release|Any CPU.ActiveCfg = Release|Any CPU
		{56AFE920-A07B-4ED2-ABBA-B672C953E08B}.Release|Any CPU.Build.0 = Release|Any CPU
		{1F183EF1-A5F4-4AB5-A9C8-6282DC1F5F6A}.Debug|Any CPU.ActiveCfg = Debug|Any CPU
		{1F183EF1-A5F4-4AB5-A9C8-6282DC1F5F6A}.Debug|Any CPU.Build.0 = Debug|Any CPU
		{1F183EF1-A5F4-4AB5-A9C8-6282DC1F5F6A}.Release|Any CPU.ActiveCfg = Release|Any CPU
		{1F183EF1-A5F4-4AB5-A9C8-6282DC1F5F6A}.Release|Any CPU.Build.0 = Release|Any CPU
		{CAB53C8C-1C71-4C09-8ADA-8B92D7D92D7E}.Debug|Any CPU.ActiveCfg = Debug|Any CPU
		{CAB53C8C-1C71-4C09-8ADA-8B92D7D92D7E}.Debug|Any CPU.Build.0 = Debug|Any CPU
		{CAB53C8C-1C71-4C09-8ADA-8B92D7D92D7E}.Release|Any CPU.ActiveCfg = Release|Any CPU
		{CAB53C8C-1C71-4C09-8ADA-8B92D7D92D7E}.Release|Any CPU.Build.0 = Release|Any CPU
		{806224D8-4B39-43B2-91E0-B8A91396EB13}.Debug|Any CPU.ActiveCfg = Debug|Any CPU
		{806224D8-4B39-43B2-91E0-B8A91396EB13}.Debug|Any CPU.Build.0 = Debug|Any CPU
		{806224D8-4B39-43B2-91E0-B8A91396EB13}.Release|Any CPU.ActiveCfg = Release|Any CPU
		{806224D8-4B39-43B2-91E0-B8A91396EB13}.Release|Any CPU.Build.0 = Release|Any CPU
		{2DC14078-9305-4825-BF75-9A74B90DA064}.Debug|Any CPU.ActiveCfg = Debug|Any CPU
		{2DC14078-9305-4825-BF75-9A74B90DA064}.Debug|Any CPU.Build.0 = Debug|Any CPU
		{2DC14078-9305-4825-BF75-9A74B90DA064}.Release|Any CPU.ActiveCfg = Release|Any CPU
		{2DC14078-9305-4825-BF75-9A74B90DA064}.Release|Any CPU.Build.0 = Release|Any CPU
		{DEC4833C-E219-494E-A2B5-83C099DAFCAE}.Debug|Any CPU.ActiveCfg = Debug|Any CPU
		{DEC4833C-E219-494E-A2B5-83C099DAFCAE}.Debug|Any CPU.Build.0 = Debug|Any CPU
		{DEC4833C-E219-494E-A2B5-83C099DAFCAE}.Release|Any CPU.ActiveCfg = Release|Any CPU
		{DEC4833C-E219-494E-A2B5-83C099DAFCAE}.Release|Any CPU.Build.0 = Release|Any CPU
		{7A1DCD93-EBAA-440D-9D1F-81C72CE751F8}.Debug|Any CPU.ActiveCfg = Debug|Any CPU
		{7A1DCD93-EBAA-440D-9D1F-81C72CE751F8}.Debug|Any CPU.Build.0 = Debug|Any CPU
		{7A1DCD93-EBAA-440D-9D1F-81C72CE751F8}.Release|Any CPU.ActiveCfg = Release|Any CPU
		{7A1DCD93-EBAA-440D-9D1F-81C72CE751F8}.Release|Any CPU.Build.0 = Release|Any CPU
		{4DD7EDEC-7AB1-4687-BB5E-3171610E5FEC}.Debug|Any CPU.ActiveCfg = Debug|Any CPU
		{4DD7EDEC-7AB1-4687-BB5E-3171610E5FEC}.Debug|Any CPU.Build.0 = Debug|Any CPU
		{4DD7EDEC-7AB1-4687-BB5E-3171610E5FEC}.Release|Any CPU.ActiveCfg = Release|Any CPU
		{4DD7EDEC-7AB1-4687-BB5E-3171610E5FEC}.Release|Any CPU.Build.0 = Release|Any CPU
		{456D985D-7B8C-4701-9ACA-FA4A13AC1A92}.Debug|Any CPU.ActiveCfg = Debug|Any CPU
		{456D985D-7B8C-4701-9ACA-FA4A13AC1A92}.Debug|Any CPU.Build.0 = Debug|Any CPU
		{456D985D-7B8C-4701-9ACA-FA4A13AC1A92}.Release|Any CPU.ActiveCfg = Release|Any CPU
		{456D985D-7B8C-4701-9ACA-FA4A13AC1A92}.Release|Any CPU.Build.0 = Release|Any CPU
		{8F59795C-A1BA-442B-AC6A-524658E35035}.Debug|Any CPU.ActiveCfg = Debug|Any CPU
		{8F59795C-A1BA-442B-AC6A-524658E35035}.Debug|Any CPU.Build.0 = Debug|Any CPU
		{8F59795C-A1BA-442B-AC6A-524658E35035}.Release|Any CPU.ActiveCfg = Release|Any CPU
		{8F59795C-A1BA-442B-AC6A-524658E35035}.Release|Any CPU.Build.0 = Release|Any CPU
		{094A1770-DC62-4609-85DC-954F50AE5EC0}.Debug|Any CPU.ActiveCfg = Debug|Any CPU
		{094A1770-DC62-4609-85DC-954F50AE5EC0}.Debug|Any CPU.Build.0 = Debug|Any CPU
		{094A1770-DC62-4609-85DC-954F50AE5EC0}.Release|Any CPU.ActiveCfg = Release|Any CPU
		{094A1770-DC62-4609-85DC-954F50AE5EC0}.Release|Any CPU.Build.0 = Release|Any CPU
	EndGlobalSection
	GlobalSection(SolutionProperties) = preSolution
		HideSolutionNode = FALSE
	EndGlobalSection
	GlobalSection(ExtensibilityGlobals) = postSolution
		SolutionGuid = {F0914F89-13FF-4F9F-8384-F419394C68A7}
	EndGlobalSection
EndGlobal
